// !$*UTF8*$!
{
	archiveVersion = 1;
	classes = {
	};
	objectVersion = 46;
	objects = {

/* Begin PBXBuildFile section */
		7D443CA71B5FCA5000370A3D /* RecordedAudio.swift in Sources */ = {isa = PBXBuildFile; fileRef = 7D443CA61B5FCA5000370A3D /* RecordedAudio.swift */; };
		7DC74EB81B5E93A500EE44E0 /* AppDelegate.swift in Sources */ = {isa = PBXBuildFile; fileRef = 7DC74EB71B5E93A500EE44E0 /* AppDelegate.swift */; };
		7DC74EBA1B5E93A500EE44E0 /* ViewController.swift in Sources */ = {isa = PBXBuildFile; fileRef = 7DC74EB91B5E93A500EE44E0 /* ViewController.swift */; };
		7DC74EBD1B5E93A500EE44E0 /* Main.storyboard in Resources */ = {isa = PBXBuildFile; fileRef = 7DC74EBB1B5E93A500EE44E0 /* Main.storyboard */; };
		7DC74EBF1B5E93A500EE44E0 /* Images.xcassets in Resources */ = {isa = PBXBuildFile; fileRef = 7DC74EBE1B5E93A500EE44E0 /* Images.xcassets */; };
		7DC74EC21B5E93A500EE44E0 /* LaunchScreen.xib in Resources */ = {isa = PBXBuildFile; fileRef = 7DC74EC01B5E93A500EE44E0 /* LaunchScreen.xib */; };
		7DC74ECE1B5E93A500EE44E0 /* Pitch_PerfectTests.swift in Sources */ = {isa = PBXBuildFile; fileRef = 7DC74ECD1B5E93A500EE44E0 /* Pitch_PerfectTests.swift */; };
		7DC74ED81B5EA4C800EE44E0 /* PlaySoundViewController.swift in Sources */ = {isa = PBXBuildFile; fileRef = 7DC74ED71B5EA4C800EE44E0 /* PlaySoundViewController.swift */; };
		7DC74EDA1B5EA74200EE44E0 /* movie_quote.mp3 in Resources */ = {isa = PBXBuildFile; fileRef = 7DC74ED91B5EA74200EE44E0 /* movie_quote.mp3 */; };
/* End PBXBuildFile section */

/* Begin PBXContainerItemProxy section */
		7DC74EC81B5E93A500EE44E0 /* PBXContainerItemProxy */ = {
			isa = PBXContainerItemProxy;
			containerPortal = 7DC74EAA1B5E93A500EE44E0 /* Project object */;
			proxyType = 1;
			remoteGlobalIDString = 7DC74EB11B5E93A500EE44E0;
			remoteInfo = "Pitch Perfect";
		};
/* End PBXContainerItemProxy section */

/* Begin PBXFileReference section */
		7D443CA61B5FCA5000370A3D /* RecordedAudio.swift */ = {isa = PBXFileReference; fileEncoding = 4; lastKnownFileType = sourcecode.swift; path = RecordedAudio.swift; sourceTree = "<group>"; };
		7DC74EB21B5E93A500EE44E0 /* Pitch Perfect.app */ = {isa = PBXFileReference; explicitFileType = wrapper.application; includeInIndex = 0; path = "Pitch Perfect.app"; sourceTree = BUILT_PRODUCTS_DIR; };
		7DC74EB61B5E93A500EE44E0 /* Info.plist */ = {isa = PBXFileReference; lastKnownFileType = text.plist.xml; path = Info.plist; sourceTree = "<group>"; };
		7DC74EB71B5E93A500EE44E0 /* AppDelegate.swift */ = {isa = PBXFileReference; lastKnownFileType = sourcecode.swift; path = AppDelegate.swift; sourceTree = "<group>"; };
		7DC74EB91B5E93A500EE44E0 /* ViewController.swift */ = {isa = PBXFileReference; lastKnownFileType = sourcecode.swift; path = ViewController.swift; sourceTree = "<group>"; };
		7DC74EBC1B5E93A500EE44E0 /* Base */ = {isa = PBXFileReference; lastKnownFileType = file.storyboard; name = Base; path = Base.lproj/Main.storyboard; sourceTree = "<group>"; };
		7DC74EBE1B5E93A500EE44E0 /* Images.xcassets */ = {isa = PBXFileReference; lastKnownFileType = folder.assetcatalog; path = Images.xcassets; sourceTree = "<group>"; };
		7DC74EC11B5E93A500EE44E0 /* Base */ = {isa = PBXFileReference; lastKnownFileType = file.xib; name = Base; path = Base.lproj/LaunchScreen.xib; sourceTree = "<group>"; };
		7DC74EC71B5E93A500EE44E0 /* Pitch PerfectTests.xctest */ = {isa = PBXFileReference; explicitFileType = wrapper.cfbundle; includeInIndex = 0; path = "Pitch PerfectTests.xctest"; sourceTree = BUILT_PRODUCTS_DIR; };
		7DC74ECC1B5E93A500EE44E0 /* Info.plist */ = {isa = PBXFileReference; lastKnownFileType = text.plist.xml; path = Info.plist; sourceTree = "<group>"; };
		7DC74ECD1B5E93A500EE44E0 /* Pitch_PerfectTests.swift */ = {isa = PBXFileReference; lastKnownFileType = sourcecode.swift; path = Pitch_PerfectTests.swift; sourceTree = "<group>"; };
		7DC74ED71B5EA4C800EE44E0 /* PlaySoundViewController.swift */ = {isa = PBXFileReference; fileEncoding = 4; lastKnownFileType = sourcecode.swift; path = PlaySoundViewController.swift; sourceTree = "<group>"; };
		7DC74ED91B5EA74200EE44E0 /* movie_quote.mp3 */ = {isa = PBXFileReference; lastKnownFileType = audio.mp3; path = movie_quote.mp3; sourceTree = "<group>"; };
/* End PBXFileReference section */

/* Begin PBXFrameworksBuildPhase section */
		7DC74EAF1B5E93A500EE44E0 /* Frameworks */ = {
			isa = PBXFrameworksBuildPhase;
			buildActionMask = 2147483647;
			files = (
			);
			runOnlyForDeploymentPostprocessing = 0;
		};
		7DC74EC41B5E93A500EE44E0 /* Frameworks */ = {
			isa = PBXFrameworksBuildPhase;
			buildActionMask = 2147483647;
			files = (
			);
			runOnlyForDeploymentPostprocessing = 0;
		};
/* End PBXFrameworksBuildPhase section */

/* Begin PBXGroup section */
		7DC74EA91B5E93A500EE44E0 = {
			isa = PBXGroup;
			children = (
				7DC74EB41B5E93A500EE44E0 /* Pitch Perfect */,
				7DC74ECA1B5E93A500EE44E0 /* Pitch PerfectTests */,
				7DC74EB31B5E93A500EE44E0 /* Products */,
			);
			sourceTree = "<group>";
		};
		7DC74EB31B5E93A500EE44E0 /* Products */ = {
			isa = PBXGroup;
			children = (
				7DC74EB21B5E93A500EE44E0 /* Pitch Perfect.app */,
				7DC74EC71B5E93A500EE44E0 /* Pitch PerfectTests.xctest */,
			);
			name = Products;
			sourceTree = "<group>";
		};
		7DC74EB41B5E93A500EE44E0 /* Pitch Perfect */ = {
			isa = PBXGroup;
			children = (
				7DC74EB71B5E93A500EE44E0 /* AppDelegate.swift */,
				7DC74EB91B5E93A500EE44E0 /* ViewController.swift */,
				7DC74EBB1B5E93A500EE44E0 /* Main.storyboard */,
				7D443CA61B5FCA5000370A3D /* RecordedAudio.swift */,
				7DC74ED71B5EA4C800EE44E0 /* PlaySoundViewController.swift */,
				7DC74EBE1B5E93A500EE44E0 /* Images.xcassets */,
				7DC74EC01B5E93A500EE44E0 /* LaunchScreen.xib */,
				7DC74EB51B5E93A500EE44E0 /* Supporting Files */,
			);
			path = "Pitch Perfect";
			sourceTree = "<group>";
		};
		7DC74EB51B5E93A500EE44E0 /* Supporting Files */ = {
			isa = PBXGroup;
			children = (
				7DC74ED91B5EA74200EE44E0 /* movie_quote.mp3 */,
				7DC74EB61B5E93A500EE44E0 /* Info.plist */,
			);
			name = "Supporting Files";
			sourceTree = "<group>";
		};
		7DC74ECA1B5E93A500EE44E0 /* Pitch PerfectTests */ = {
			isa = PBXGroup;
			children = (
				7DC74ECD1B5E93A500EE44E0 /* Pitch_PerfectTests.swift */,
				7DC74ECB1B5E93A500EE44E0 /* Supporting Files */,
			);
			path = "Pitch PerfectTests";
			sourceTree = "<group>";
		};
		7DC74ECB1B5E93A500EE44E0 /* Supporting Files */ = {
			isa = PBXGroup;
			children = (
				7DC74ECC1B5E93A500EE44E0 /* Info.plist */,
			);
			name = "Supporting Files";
			sourceTree = "<group>";
		};
/* End PBXGroup section */

/* Begin PBXNativeTarget section */
		7DC74EB11B5E93A500EE44E0 /* Pitch Perfect */ = {
			isa = PBXNativeTarget;
			buildConfigurationList = 7DC74ED11B5E93A500EE44E0 /* Build configuration list for PBXNativeTarget "Pitch Perfect" */;
			buildPhases = (
				7DC74EAE1B5E93A500EE44E0 /* Sources */,
				7DC74EAF1B5E93A500EE44E0 /* Frameworks */,
				7DC74EB01B5E93A500EE44E0 /* Resources */,
			);
			buildRules = (
			);
			dependencies = (
			);
			name = "Pitch Perfect";
			productName = "Pitch Perfect";
			productReference = 7DC74EB21B5E93A500EE44E0 /* Pitch Perfect.app */;
			productType = "com.apple.product-type.application";
		};
		7DC74EC61B5E93A500EE44E0 /* Pitch PerfectTests */ = {
			isa = PBXNativeTarget;
			buildConfigurationList = 7DC74ED41B5E93A500EE44E0 /* Build configuration list for PBXNativeTarget "Pitch PerfectTests" */;
			buildPhases = (
				7DC74EC31B5E93A500EE44E0 /* Sources */,
				7DC74EC41B5E93A500EE44E0 /* Frameworks */,
				7DC74EC51B5E93A500EE44E0 /* Resources */,
			);
			buildRules = (
			);
			dependencies = (
				7DC74EC91B5E93A500EE44E0 /* PBXTargetDependency */,
			);
			name = "Pitch PerfectTests";
			productName = "Pitch PerfectTests";
			productReference = 7DC74EC71B5E93A500EE44E0 /* Pitch PerfectTests.xctest */;
			productType = "com.apple.product-type.bundle.unit-test";
		};
/* End PBXNativeTarget section */

/* Begin PBXProject section */
		7DC74EAA1B5E93A500EE44E0 /* Project object */ = {
			isa = PBXProject;
			attributes = {
				LastUpgradeCheck = 0640;
				ORGANIZATIONNAME = Merino;
				TargetAttributes = {
					7DC74EB11B5E93A500EE44E0 = {
						CreatedOnToolsVersion = 6.4;
					};
					7DC74EC61B5E93A500EE44E0 = {
						CreatedOnToolsVersion = 6.4;
						TestTargetID = 7DC74EB11B5E93A500EE44E0;
					};
				};
			};
			buildConfigurationList = 7DC74EAD1B5E93A500EE44E0 /* Build configuration list for PBXProject "Pitch Perfect" */;
			compatibilityVersion = "Xcode 3.2";
			developmentRegion = English;
			hasScannedForEncodings = 0;
			knownRegions = (
				en,
				Base,
			);
			mainGroup = 7DC74EA91B5E93A500EE44E0;
			productRefGroup = 7DC74EB31B5E93A500EE44E0 /* Products */;
			projectDirPath = "";
			projectRoot = "";
			targets = (
				7DC74EB11B5E93A500EE44E0 /* Pitch Perfect */,
				7DC74EC61B5E93A500EE44E0 /* Pitch PerfectTests */,
			);
		};
/* End PBXProject section */

/* Begin PBXResourcesBuildPhase section */
		7DC74EB01B5E93A500EE44E0 /* Resources */ = {
			isa = PBXResourcesBuildPhase;
			buildActionMask = 2147483647;
			files = (
				7DC74EBD1B5E93A500EE44E0 /* Main.storyboard in Resources */,
				7DC74EC21B5E93A500EE44E0 /* LaunchScreen.xib in Resources */,
				7DC74EDA1B5EA74200EE44E0 /* movie_quote.mp3 in Resources */,
				7DC74EBF1B5E93A500EE44E0 /* Images.xcassets in Resources */,
			);
			runOnlyForDeploymentPostprocessing = 0;
		};
		7DC74EC51B5E93A500EE44E0 /* Resources */ = {
			isa = PBXResourcesBuildPhase;
			buildActionMask = 2147483647;
			files = (
			);
			runOnlyForDeploymentPostprocessing = 0;
		};
/* End PBXResourcesBuildPhase section */

/* Begin PBXSourcesBuildPhase section */
		7DC74EAE1B5E93A500EE44E0 /* Sources */ = {
			isa = PBXSourcesBuildPhase;
			buildActionMask = 2147483647;
			files = (
				7D443CA71B5FCA5000370A3D /* RecordedAudio.swift in Sources */,
				7DC74EBA1B5E93A500EE44E0 /* ViewController.swift in Sources */,
				7DC74ED81B5EA4C800EE44E0 /* PlaySoundViewController.swift in Sources */,
				7DC74EB81B5E93A500EE44E0 /* AppDelegate.swift in Sources */,
			);
			runOnlyForDeploymentPostprocessing = 0;
		};
		7DC74EC31B5E93A500EE44E0 /* Sources */ = {
			isa = PBXSourcesBuildPhase;
			buildActionMask = 2147483647;
			files = (
				7DC74ECE1B5E93A500EE44E0 /* Pitch_PerfectTests.swift in Sources */,
			);
			runOnlyForDeploymentPostprocessing = 0;
		};
/* End PBXSourcesBuildPhase section */

/* Begin PBXTargetDependency section */
		7DC74EC91B5E93A500EE44E0 /* PBXTargetDependency */ = {
			isa = PBXTargetDependency;
			target = 7DC74EB11B5E93A500EE44E0 /* Pitch Perfect */;
			targetProxy = 7DC74EC81B5E93A500EE44E0 /* PBXContainerItemProxy */;
		};
/* End PBXTargetDependency section */

/* Begin PBXVariantGroup section */
		7DC74EBB1B5E93A500EE44E0 /* Main.storyboard */ = {
			isa = PBXVariantGroup;
			children = (
				7DC74EBC1B5E93A500EE44E0 /* Base */,
			);
			name = Main.storyboard;
			sourceTree = "<group>";
		};
		7DC74EC01B5E93A500EE44E0 /* LaunchScreen.xib */ = {
			isa = PBXVariantGroup;
			children = (
				7DC74EC11B5E93A500EE44E0 /* Base */,
			);
			name = LaunchScreen.xib;
			sourceTree = "<group>";
		};
/* End PBXVariantGroup section */

/* Begin XCBuildConfiguration section */
		7DC74ECF1B5E93A500EE44E0 /* Debug */ = {
			isa = XCBuildConfiguration;
			buildSettings = {
				ALWAYS_SEARCH_USER_PATHS = NO;
				CLANG_CXX_LANGUAGE_STANDARD = "gnu++0x";
				CLANG_CXX_LIBRARY = "libc++";
				CLANG_ENABLE_MODULES = YES;
				CLANG_ENABLE_OBJC_ARC = YES;
				CLANG_WARN_BOOL_CONVERSION = YES;
				CLANG_WARN_CONSTANT_CONVERSION = YES;
				CLANG_WARN_DIRECT_OBJC_ISA_USAGE = YES_ERROR;
				CLANG_WARN_EMPTY_BODY = YES;
				CLANG_WARN_ENUM_CONVERSION = YES;
				CLANG_WARN_INT_CONVERSION = YES;
				CLANG_WARN_OBJC_ROOT_CLASS = YES_ERROR;
				CLANG_WARN_UNREACHABLE_CODE = YES;
				CLANG_WARN__DUPLICATE_METHOD_MATCH = YES;
				"CODE_SIGN_IDENTITY[sdk=iphoneos*]" = "iPhone Developer";
				COPY_PHASE_STRIP = NO;
				DEBUG_INFORMATION_FORMAT = "dwarf-with-dsym";
				ENABLE_STRICT_OBJC_MSGSEND = YES;
				GCC_C_LANGUAGE_STANDARD = gnu99;
				GCC_DYNAMIC_NO_PIC = NO;
				GCC_NO_COMMON_BLOCKS = YES;
				GCC_OPTIMIZATION_LEVEL = 0;
				GCC_PREPROCESSOR_DEFINITIONS = (
					"DEBUG=1",
					"$(inherited)",
				);
				GCC_SYMBOLS_PRIVATE_EXTERN = NO;
				GCC_WARN_64_TO_32_BIT_CONVERSION = YES;
				GCC_WARN_ABOUT_RETURN_TYPE = YES_ERROR;
				GCC_WARN_UNDECLARED_SELECTOR = YES;
				GCC_WARN_UNINITIALIZED_AUTOS = YES_AGGRESSIVE;
				GCC_WARN_UNUSED_FUNCTION = YES;
				GCC_WARN_UNUSED_VARIABLE = YES;
				IPHONEOS_DEPLOYMENT_TARGET = 8.4;
				MTL_ENABLE_DEBUG_INFO = YES;
				ONLY_ACTIVE_ARCH = YES;
				SDKROOT = iphoneos;
				SWIFT_OPTIMIZATION_LEVEL = "-Onone";
			};
			name = Debug;
		};
		7DC74ED01B5E93A500EE44E0 /* Release */ = {
			isa = XCBuildConfiguration;
			buildSettings = {
				ALWAYS_SEARCH_USER_PATHS = NO;
				CLANG_CXX_LANGUAGE_STANDARD = "gnu++0x";
				CLANG_CXX_LIBRARY = "libc++";
				CLANG_ENABLE_MODULES = YES;
				CLANG_ENABLE_OBJC_ARC = YES;
				CLANG_WARN_BOOL_CONVERSION = YES;
				CLANG_WARN_CONSTANT_CONVERSION = YES;
				CLANG_WARN_DIRECT_OBJC_ISA_USAGE = YES_ERROR;
				CLANG_WARN_EMPTY_BODY = YES;
				CLANG_WARN_ENUM_CONVERSION = YES;
				CLANG_WARN_INT_CONVERSION = YES;
				CLANG_WARN_OBJC_ROOT_CLASS = YES_ERROR;
				CLANG_WARN_UNREACHABLE_CODE = YES;
				CLANG_WARN__DUPLICATE_METHOD_MATCH = YES;
				"CODE_SIGN_IDENTITY[sdk=iphoneos*]" = "iPhone Developer";
				COPY_PHASE_STRIP = NO;
				DEBUG_INFORMATION_FORMAT = "dwarf-with-dsym";
				ENABLE_NS_ASSERTIONS = NO;
				ENABLE_STRICT_OBJC_MSGSEND = YES;
				GCC_C_LANGUAGE_STANDARD = gnu99;
				GCC_NO_COMMON_BLOCKS = YES;
				GCC_WARN_64_TO_32_BIT_CONVERSION = YES;
				GCC_WARN_ABOUT_RETURN_TYPE = YES_ERROR;
				GCC_WARN_UNDECLARED_SELECTOR = YES;
				GCC_WARN_UNINITIALIZED_AUTOS = YES_AGGRESSIVE;
				GCC_WARN_UNUSED_FUNCTION = YES;
				GCC_WARN_UNUSED_VARIABLE = YES;
				IPHONEOS_DEPLOYMENT_TARGET = 8.4;
				MTL_ENABLE_DEBUG_INFO = NO;
				SDKROOT = iphoneos;
				VALIDATE_PRODUCT = YES;
			};
			name = Release;
		};
		7DC74ED21B5E93A500EE44E0 /* Debug */ = {
			isa = XCBuildConfiguration;
			buildSettings = {
				ASSETCATALOG_COMPILER_APPICON_NAME = AppIcon;
				INFOPLIST_FILE = "Pitch Perfect/Info.plist";
				LD_RUNPATH_SEARCH_PATHS = "$(inherited) @executable_path/Frameworks";
				PRODUCT_NAME = "$(TARGET_NAME)";
			};
			name = Debug;
		};
		7DC74ED31B5E93A500EE44E0 /* Release */ = {
			isa = XCBuildConfiguration;
			buildSettings = {
				ASSETCATALOG_COMPILER_APPICON_NAME = AppIcon;
				INFOPLIST_FILE = "Pitch Perfect/Info.plist";
				LD_RUNPATH_SEARCH_PATHS = "$(inherited) @executable_path/Frameworks";
				PRODUCT_NAME = "$(TARGET_NAME)";
			};
			name = Release;
		};
		7DC74ED51B5E93A500EE44E0 /* Debug */ = {
			isa = XCBuildConfiguration;
			buildSettings = {
				BUNDLE_LOADER = "$(TEST_HOST)";
				FRAMEWORK_SEARCH_PATHS = (
					"$(SDKROOT)/Developer/Library/Frameworks",
					"$(inherited)",
				);
				GCC_PREPROCESSOR_DEFINITIONS = (
					"DEBUG=1",
					"$(inherited)",
				);
				INFOPLIST_FILE = "Pitch PerfectTests/Info.plist";
				LD_RUNPATH_SEARCH_PATHS = "$(inherited) @executable_path/Frameworks @loader_path/Frameworks";
				PRODUCT_NAME = "$(TARGET_NAME)";
				TEST_HOST = "$(BUILT_PRODUCTS_DIR)/Pitch Perfect.app/Pitch Perfect";
			};
			name = Debug;
		};
		7DC74ED61B5E93A500EE44E0 /* Release */ = {
			isa = XCBuildConfiguration;
			buildSettings = {
				BUNDLE_LOADER = "$(TEST_HOST)";
				FRAMEWORK_SEARCH_PATHS = (
					"$(SDKROOT)/Developer/Library/Frameworks",
					"$(inherited)",
				);
				INFOPLIST_FILE = "Pitch PerfectTests/Info.plist";
				LD_RUNPATH_SEARCH_PATHS = "$(inherited) @executable_path/Frameworks @loader_path/Frameworks";
				PRODUCT_NAME = "$(TARGET_NAME)";
				TEST_HOST = "$(BUILT_PRODUCTS_DIR)/Pitch Perfect.app/Pitch Perfect";
			};
			name = Release;
		};
/* End XCBuildConfiguration section */

/* Begin XCConfigurationList section */
		7DC74EAD1B5E93A500EE44E0 /* Build configuration list for PBXProject "Pitch Perfect" */ = {
			isa = XCConfigurationList;
			buildConfigurations = (
				7DC74ECF1B5E93A500EE44E0 /* Debug */,
				7DC74ED01B5E93A500EE44E0 /* Release */,
			);
			defaultConfigurationIsVisible = 0;
			defaultConfigurationName = Release;
		};
		7DC74ED11B5E93A500EE44E0 /* Build configuration list for PBXNativeTarget "Pitch Perfect" */ = {
			isa = XCConfigurationList;
			buildConfigurations = (
				7DC74ED21B5E93A500EE44E0 /* Debug */,
				7DC74ED31B5E93A500EE44E0 /* Release */,
			);
			defaultConfigurationIsVisible = 0;
			defaultConfigurationName = Release;
		};
		7DC74ED41B5E93A500EE44E0 /* Build configuration list for PBXNativeTarget "Pitch PerfectTests" */ = {
			isa = XCConfigurationList;
			buildConfigurations = (
				7DC74ED51B5E93A500EE44E0 /* Debug */,
				7DC74ED61B5E93A500EE44E0 /* Release */,
			);
			defaultConfigurationIsVisible = 0;
			defaultConfigurationName = Release;
		};
/* End XCConfigurationList section */
	};
	rootObject = 7DC74EAA1B5E93A500EE44E0 /* Project object */;
}
